// !$*UTF8*$!
{
	archiveVersion = 1;
	classes = {
	};
	objectVersion = 77;
	objects = {

/* Begin PBXBuildFile section */
		F9E9405A2EA090560006B397 /* Alamofire in Frameworks */ = {isa = PBXBuildFile; productRef = F9E940592EA090560006B397 /* Alamofire */; };
/* End PBXBuildFile section */

/* Begin PBXContainerItemProxy section */
		F91BF4CC2E9F3AEF001A80C1 /* PBXContainerItemProxy */ = {
			isa = PBXContainerItemProxy;
			containerPortal = F91BF49E2E9F3702001A80C1 /* Project object */;
			proxyType = 1;
			remoteGlobalIDString = F91BF4A52E9F3702001A80C1;
			remoteInfo = SeSAC7TestLecture;
		};
		F91BFE442EA07DDF001A80C1 /* PBXContainerItemProxy */ = {
			isa = PBXContainerItemProxy;
			containerPortal = F91BF49E2E9F3702001A80C1 /* Project object */;
			proxyType = 1;
			remoteGlobalIDString = F91BF4A52E9F3702001A80C1;
			remoteInfo = SeSAC7TestLecture;
		};
/* End PBXContainerItemProxy section */

/* Begin PBXFileReference section */
		F91BF4A62E9F3702001A80C1 /* SeSAC7TestLecture.app */ = {isa = PBXFileReference; explicitFileType = wrapper.application; includeInIndex = 0; path = SeSAC7TestLecture.app; sourceTree = BUILT_PRODUCTS_DIR; };
		F91BF4C62E9F3AEF001A80C1 /* SeSAC7TestLectureUITests.xctest */ = {isa = PBXFileReference; explicitFileType = wrapper.cfbundle; includeInIndex = 0; path = SeSAC7TestLectureUITests.xctest; sourceTree = BUILT_PRODUCTS_DIR; };
		F91BFE402EA07DDF001A80C1 /* SeSAC7TestLectureUnitTests.xctest */ = {isa = PBXFileReference; explicitFileType = wrapper.cfbundle; includeInIndex = 0; path = SeSAC7TestLectureUnitTests.xctest; sourceTree = BUILT_PRODUCTS_DIR; };
/* End PBXFileReference section */

/* Begin PBXFileSystemSynchronizedBuildFileExceptionSet section */
		F91BF4B82E9F3704001A80C1 /* Exceptions for "SeSAC7TestLecture" folder in "SeSAC7TestLecture" target */ = {
			isa = PBXFileSystemSynchronizedBuildFileExceptionSet;
			membershipExceptions = (
				Info.plist,
			);
			target = F91BF4A52E9F3702001A80C1 /* SeSAC7TestLecture */;
		};
		F91BFE4E2EA0809B001A80C1 /* Exceptions for "SeSAC7TestLecture" folder in "SeSAC7TestLectureUnitTests" target */ = {
			isa = PBXFileSystemSynchronizedBuildFileExceptionSet;
			membershipExceptions = (
				NetworkManager.swift,
				Validator.swift,
			);
			target = F91BFE3F2EA07DDF001A80C1 /* SeSAC7TestLectureUnitTests */;
		};
/* End PBXFileSystemSynchronizedBuildFileExceptionSet section */

/* Begin PBXFileSystemSynchronizedRootGroup section */
		F91BF4A82E9F3702001A80C1 /* SeSAC7TestLecture */ = {
			isa = PBXFileSystemSynchronizedRootGroup;
			exceptions = (
				F91BF4B82E9F3704001A80C1 /* Exceptions for "SeSAC7TestLecture" folder in "SeSAC7TestLecture" target */,
				F91BFE4E2EA0809B001A80C1 /* Exceptions for "SeSAC7TestLecture" folder in "SeSAC7TestLectureUnitTests" target */,
			);
			path = SeSAC7TestLecture;
			sourceTree = "<group>";
		};
		F91BF4C72E9F3AEF001A80C1 /* SeSAC7TestLectureUITests */ = {
			isa = PBXFileSystemSynchronizedRootGroup;
			path = SeSAC7TestLectureUITests;
			sourceTree = "<group>";
		};
		F91BFE412EA07DDF001A80C1 /* SeSAC7TestLectureUnitTests */ = {
			isa = PBXFileSystemSynchronizedRootGroup;
			path = SeSAC7TestLectureUnitTests;
			sourceTree = "<group>";
		};
/* End PBXFileSystemSynchronizedRootGroup section */

/* Begin PBXFrameworksBuildPhase section */
		F91BF4A32E9F3702001A80C1 /* Frameworks */ = {
			isa = PBXFrameworksBuildPhase;
			buildActionMask = 2147483647;
			files = (
				F9E9405A2EA090560006B397 /* Alamofire in Frameworks */,
			);
			runOnlyForDeploymentPostprocessing = 0;
		};
		F91BF4C32E9F3AEF001A80C1 /* Frameworks */ = {
			isa = PBXFrameworksBuildPhase;
			buildActionMask = 2147483647;
			files = (
			);
			runOnlyForDeploymentPostprocessing = 0;
		};
		F91BFE3D2EA07DDF001A80C1 /* Frameworks */ = {
			isa = PBXFrameworksBuildPhase;
			buildActionMask = 2147483647;
			files = (
			);
			runOnlyForDeploymentPostprocessing = 0;
		};
/* End PBXFrameworksBuildPhase section */

/* Begin PBXGroup section */
		F91BF49D2E9F3702001A80C1 = {
			isa = PBXGroup;
			children = (
				F91BF4A82E9F3702001A80C1 /* SeSAC7TestLecture */,
				F91BF4C72E9F3AEF001A80C1 /* SeSAC7TestLectureUITests */,
				F91BFE412EA07DDF001A80C1 /* SeSAC7TestLectureUnitTests */,
				F91BF4A72E9F3702001A80C1 /* Products */,
			);
			sourceTree = "<group>";
		};
		F91BF4A72E9F3702001A80C1 /* Products */ = {
			isa = PBXGroup;
			children = (
				F91BF4A62E9F3702001A80C1 /* SeSAC7TestLecture.app */,
				F91BF4C62E9F3AEF001A80C1 /* SeSAC7TestLectureUITests.xctest */,
				F91BFE402EA07DDF001A80C1 /* SeSAC7TestLectureUnitTests.xctest */,
			);
			name = Products;
			sourceTree = "<group>";
		};
/* End PBXGroup section */

/* Begin PBXNativeTarget section */
		F91BF4A52E9F3702001A80C1 /* SeSAC7TestLecture */ = {
			isa = PBXNativeTarget;
			buildConfigurationList = F91BF4B92E9F3704001A80C1 /* Build configuration list for PBXNativeTarget "SeSAC7TestLecture" */;
			buildPhases = (
				F91BF4A22E9F3702001A80C1 /* Sources */,
				F91BF4A32E9F3702001A80C1 /* Frameworks */,
				F91BF4A42E9F3702001A80C1 /* Resources */,
			);
			buildRules = (
			);
			dependencies = (
			);
			fileSystemSynchronizedGroups = (
				F91BF4A82E9F3702001A80C1 /* SeSAC7TestLecture */,
			);
			name = SeSAC7TestLecture;
			packageProductDependencies = (
				F9E940592EA090560006B397 /* Alamofire */,
			);
			productName = SeSAC7TestLecture;
			productReference = F91BF4A62E9F3702001A80C1 /* SeSAC7TestLecture.app */;
			productType = "com.apple.product-type.application";
		};
		F91BF4C52E9F3AEF001A80C1 /* SeSAC7TestLectureUITests */ = {
			isa = PBXNativeTarget;
			buildConfigurationList = F91BF4CE2E9F3AEF001A80C1 /* Build configuration list for PBXNativeTarget "SeSAC7TestLectureUITests" */;
			buildPhases = (
				F91BF4C22E9F3AEF001A80C1 /* Sources */,
				F91BF4C32E9F3AEF001A80C1 /* Frameworks */,
				F91BF4C42E9F3AEF001A80C1 /* Resources */,
			);
			buildRules = (
			);
			dependencies = (
				F91BF4CD2E9F3AEF001A80C1 /* PBXTargetDependency */,
			);
			fileSystemSynchronizedGroups = (
				F91BF4C72E9F3AEF001A80C1 /* SeSAC7TestLectureUITests */,
			);
			name = SeSAC7TestLectureUITests;
			packageProductDependencies = (
			);
			productName = SeSAC7TestLectureUITests;
			productReference = F91BF4C62E9F3AEF001A80C1 /* SeSAC7TestLectureUITests.xctest */;
			productType = "com.apple.product-type.bundle.ui-testing";
		};
		F91BFE3F2EA07DDF001A80C1 /* SeSAC7TestLectureUnitTests */ = {
			isa = PBXNativeTarget;
			buildConfigurationList = F91BFE482EA07DDF001A80C1 /* Build configuration list for PBXNativeTarget "SeSAC7TestLectureUnitTests" */;
			buildPhases = (
				F91BFE3C2EA07DDF001A80C1 /* Sources */,
				F91BFE3D2EA07DDF001A80C1 /* Frameworks */,
				F91BFE3E2EA07DDF001A80C1 /* Resources */,
			);
			buildRules = (
			);
			dependencies = (
				F91BFE452EA07DDF001A80C1 /* PBXTargetDependency */,
			);
			fileSystemSynchronizedGroups = (
				F91BFE412EA07DDF001A80C1 /* SeSAC7TestLectureUnitTests */,
			);
			name = SeSAC7TestLectureUnitTests;
			packageProductDependencies = (
			);
			productName = SeSAC7TestLectureUnitTests;
			productReference = F91BFE402EA07DDF001A80C1 /* SeSAC7TestLectureUnitTests.xctest */;
			productType = "com.apple.product-type.bundle.unit-test";
		};
/* End PBXNativeTarget section */

/* Begin PBXProject section */
		F91BF49E2E9F3702001A80C1 /* Project object */ = {
			isa = PBXProject;
			attributes = {
				BuildIndependentTargetsInParallel = 1;
				LastSwiftUpdateCheck = 1640;
				LastUpgradeCheck = 1640;
				TargetAttributes = {
					F91BF4A52E9F3702001A80C1 = {
						CreatedOnToolsVersion = 16.4;
					};
					F91BF4C52E9F3AEF001A80C1 = {
						CreatedOnToolsVersion = 16.4;
						TestTargetID = F91BF4A52E9F3702001A80C1;
					};
					F91BFE3F2EA07DDF001A80C1 = {
						CreatedOnToolsVersion = 16.4;
						TestTargetID = F91BF4A52E9F3702001A80C1;
					};
				};
			};
			buildConfigurationList = F91BF4A12E9F3702001A80C1 /* Build configuration list for PBXProject "SeSAC7TestLecture" */;
			developmentRegion = en;
			hasScannedForEncodings = 0;
			knownRegions = (
				en,
				Base,
			);
			mainGroup = F91BF49D2E9F3702001A80C1;
			minimizedProjectReferenceProxies = 1;
			packageReferences = (
				F9E940582EA090560006B397 /* XCRemoteSwiftPackageReference "Alamofire" */,
			);
			preferredProjectObjectVersion = 77;
			productRefGroup = F91BF4A72E9F3702001A80C1 /* Products */;
			projectDirPath = "";
			projectRoot = "";
			targets = (
				F91BF4A52E9F3702001A80C1 /* SeSAC7TestLecture */,
				F91BF4C52E9F3AEF001A80C1 /* SeSAC7TestLectureUITests */,
				F91BFE3F2EA07DDF001A80C1 /* SeSAC7TestLectureUnitTests */,
			);
		};
/* End PBXProject section */

/* Begin PBXResourcesBuildPhase section */
		F91BF4A42E9F3702001A80C1 /* Resources */ = {
			isa = PBXResourcesBuildPhase;
			buildActionMask = 2147483647;
			files = (
			);
			runOnlyForDeploymentPostprocessing = 0;
		};
		F91BF4C42E9F3AEF001A80C1 /* Resources */ = {
			isa = PBXResourcesBuildPhase;
			buildActionMask = 2147483647;
			files = (
			);
			runOnlyForDeploymentPostprocessing = 0;
		};
		F91BFE3E2EA07DDF001A80C1 /* Resources */ = {
			isa = PBXResourcesBuildPhase;
			buildActionMask = 2147483647;
			files = (
			);
			runOnlyForDeploymentPostprocessing = 0;
		};
/* End PBXResourcesBuildPhase section */

/* Begin PBXSourcesBuildPhase section */
		F91BF4A22E9F3702001A80C1 /* Sources */ = {
			isa = PBXSourcesBuildPhase;
			buildActionMask = 2147483647;
			files = (
			);
			runOnlyForDeploymentPostprocessing = 0;
		};
		F91BF4C22E9F3AEF001A80C1 /* Sources */ = {
			isa = PBXSourcesBuildPhase;
			buildActionMask = 2147483647;
			files = (
			);
			runOnlyForDeploymentPostprocessing = 0;
		};
		F91BFE3C2EA07DDF001A80C1 /* Sources */ = {
			isa = PBXSourcesBuildPhase;
			buildActionMask = 2147483647;
			files = (
			);
			runOnlyForDeploymentPostprocessing = 0;
		};
/* End PBXSourcesBuildPhase section */

/* Begin PBXTargetDependency section */
		F91BF4CD2E9F3AEF001A80C1 /* PBXTargetDependency */ = {
			isa = PBXTargetDependency;
			target = F91BF4A52E9F3702001A80C1 /* SeSAC7TestLecture */;
			targetProxy = F91BF4CC2E9F3AEF001A80C1 /* PBXContainerItemProxy */;
		};
		F91BFE452EA07DDF001A80C1 /* PBXTargetDependency */ = {
			isa = PBXTargetDependency;
			target = F91BF4A52E9F3702001A80C1 /* SeSAC7TestLecture */;
			targetProxy = F91BFE442EA07DDF001A80C1 /* PBXContainerItemProxy */;
		};
/* End PBXTargetDependency section */

/* Begin XCBuildConfiguration section */
		F91BF4BA2E9F3704001A80C1 /* Debug */ = {
			isa = XCBuildConfiguration;
			buildSettings = {
				ASSETCATALOG_COMPILER_APPICON_NAME = AppIcon;
				ASSETCATALOG_COMPILER_GLOBAL_ACCENT_COLOR_NAME = AccentColor;
				CODE_SIGN_STYLE = Automatic;
				CURRENT_PROJECT_VERSION = 1;
				DEVELOPMENT_TEAM = MWBS4R8DBQ;
				GENERATE_INFOPLIST_FILE = YES;
				INFOPLIST_FILE = SeSAC7TestLecture/Info.plist;
				INFOPLIST_KEY_UIApplicationSupportsIndirectInputEvents = YES;
				INFOPLIST_KEY_UILaunchStoryboardName = LaunchScreen;
				INFOPLIST_KEY_UIMainStoryboardFile = Main;
				INFOPLIST_KEY_UISupportedInterfaceOrientations_iPad = "UIInterfaceOrientationPortrait UIInterfaceOrientationPortraitUpsideDown UIInterfaceOrientationLandscapeLeft UIInterfaceOrientationLandscapeRight";
				INFOPLIST_KEY_UISupportedInterfaceOrientations_iPhone = "UIInterfaceOrientationPortrait UIInterfaceOrientationLandscapeLeft UIInterfaceOrientationLandscapeRight";
				LD_RUNPATH_SEARCH_PATHS = (
					"$(inherited)",
					"@executable_path/Frameworks",
				);
				MARKETING_VERSION = 1.0;
				PRODUCT_BUNDLE_IDENTIFIER = com.junil.SeSAC7TestLecture;
				PRODUCT_NAME = "$(TARGET_NAME)";
				SWIFT_EMIT_LOC_STRINGS = YES;
				SWIFT_VERSION = 5.0;
				TARGETED_DEVICE_FAMILY = "1,2";
			};
			name = Debug;
		};
		F91BF4BB2E9F3704001A80C1 /* Release */ = {
			isa = XCBuildConfiguration;
			buildSettings = {
				ASSETCATALOG_COMPILER_APPICON_NAME = AppIcon;
				ASSETCATALOG_COMPILER_GLOBAL_ACCENT_COLOR_NAME = AccentColor;
				CODE_SIGN_STYLE = Automatic;
				CURRENT_PROJECT_VERSION = 1;
				DEVELOPMENT_TEAM = MWBS4R8DBQ;
				GENERATE_INFOPLIST_FILE = YES;
				INFOPLIST_FILE = SeSAC7TestLecture/Info.plist;
				INFOPLIST_KEY_UIApplicationSupportsIndirectInputEvents = YES;
				INFOPLIST_KEY_UILaunchStoryboardName = LaunchScreen;
				INFOPLIST_KEY_UIMainStoryboardFile = Main;
				INFOPLIST_KEY_UISupportedInterfaceOrientations_iPad = "UIInterfaceOrientationPortrait UIInterfaceOrientationPortraitUpsideDown UIInterfaceOrientationLandscapeLeft UIInterfaceOrientationLandscapeRight";
				INFOPLIST_KEY_UISupportedInterfaceOrientations_iPhone = "UIInterfaceOrientationPortrait UIInterfaceOrientationLandscapeLeft UIInterfaceOrientationLandscapeRight";
				LD_RUNPATH_SEARCH_PATHS = (
					"$(inherited)",
					"@executable_path/Frameworks",
				);
				MARKETING_VERSION = 1.0;
				PRODUCT_BUNDLE_IDENTIFIER = com.junil.SeSAC7TestLecture;
				PRODUCT_NAME = "$(TARGET_NAME)";
				SWIFT_EMIT_LOC_STRINGS = YES;
				SWIFT_VERSION = 5.0;
				TARGETED_DEVICE_FAMILY = "1,2";
			};
			name = Release;
		};
		F91BF4BC2E9F3704001A80C1 /* Debug */ = {
			isa = XCBuildConfiguration;
			buildSettings = {
				ALWAYS_SEARCH_USER_PATHS = NO;
				ASSETCATALOG_COMPILER_GENERATE_SWIFT_ASSET_SYMBOL_EXTENSIONS = YES;
				CLANG_ANALYZER_NONNULL = YES;
				CLANG_ANALYZER_NUMBER_OBJECT_CONVERSION = YES_AGGRESSIVE;
				CLANG_CXX_LANGUAGE_STANDARD = "gnu++20";
				CLANG_ENABLE_MODULES = YES;
				CLANG_ENABLE_OBJC_ARC = YES;
				CLANG_ENABLE_OBJC_WEAK = YES;
				CLANG_WARN_BLOCK_CAPTURE_AUTORELEASING = YES;
				CLANG_WARN_BOOL_CONVERSION = YES;
				CLANG_WARN_COMMA = YES;
				CLANG_WARN_CONSTANT_CONVERSION = YES;
				CLANG_WARN_DEPRECATED_OBJC_IMPLEMENTATIONS = YES;
				CLANG_WARN_DIRECT_OBJC_ISA_USAGE = YES_ERROR;
				CLANG_WARN_DOCUMENTATION_COMMENTS = YES;
				CLANG_WARN_EMPTY_BODY = YES;
				CLANG_WARN_ENUM_CONVERSION = YES;
				CLANG_WARN_INFINITE_RECURSION = YES;
				CLANG_WARN_INT_CONVERSION = YES;
				CLANG_WARN_NON_LITERAL_NULL_CONVERSION = YES;
				CLANG_WARN_OBJC_IMPLICIT_RETAIN_SELF = YES;
				CLANG_WARN_OBJC_LITERAL_CONVERSION = YES;
				CLANG_WARN_OBJC_ROOT_CLASS = YES_ERROR;
				CLANG_WARN_QUOTED_INCLUDE_IN_FRAMEWORK_HEADER = YES;
				CLANG_WARN_RANGE_LOOP_ANALYSIS = YES;
				CLANG_WARN_STRICT_PROTOTYPES = YES;
				CLANG_WARN_SUSPICIOUS_MOVE = YES;
				CLANG_WARN_UNGUARDED_AVAILABILITY = YES_AGGRESSIVE;
				CLANG_WARN_UNREACHABLE_CODE = YES;
				CLANG_WARN__DUPLICATE_METHOD_MATCH = YES;
				COPY_PHASE_STRIP = NO;
				DEBUG_INFORMATION_FORMAT = dwarf;
				DEVELOPMENT_TEAM = MWBS4R8DBQ;
				ENABLE_STRICT_OBJC_MSGSEND = YES;
				ENABLE_TESTABILITY = YES;
				ENABLE_USER_SCRIPT_SANDBOXING = YES;
				GCC_C_LANGUAGE_STANDARD = gnu17;
				GCC_DYNAMIC_NO_PIC = NO;
				GCC_NO_COMMON_BLOCKS = YES;
				GCC_OPTIMIZATION_LEVEL = 0;
				GCC_PREPROCESSOR_DEFINITIONS = (
					"DEBUG=1",
					"$(inherited)",
				);
				GCC_WARN_64_TO_32_BIT_CONVERSION = YES;
				GCC_WARN_ABOUT_RETURN_TYPE = YES_ERROR;
				GCC_WARN_UNDECLARED_SELECTOR = YES;
				GCC_WARN_UNINITIALIZED_AUTOS = YES_AGGRESSIVE;
				GCC_WARN_UNUSED_FUNCTION = YES;
				GCC_WARN_UNUSED_VARIABLE = YES;
				IPHONEOS_DEPLOYMENT_TARGET = 18.5;
				LOCALIZATION_PREFERS_STRING_CATALOGS = YES;
				MTL_ENABLE_DEBUG_INFO = INCLUDE_SOURCE;
				MTL_FAST_MATH = YES;
				ONLY_ACTIVE_ARCH = YES;
				SDKROOT = iphoneos;
				SWIFT_ACTIVE_COMPILATION_CONDITIONS = "DEBUG $(inherited)";
				SWIFT_OPTIMIZATION_LEVEL = "-Onone";
			};
			name = Debug;
		};
		F91BF4BD2E9F3704001A80C1 /* Release */ = {
			isa = XCBuildConfiguration;
			buildSettings = {
				ALWAYS_SEARCH_USER_PATHS = NO;
				ASSETCATALOG_COMPILER_GENERATE_SWIFT_ASSET_SYMBOL_EXTENSIONS = YES;
				CLANG_ANALYZER_NONNULL = YES;
				CLANG_ANALYZER_NUMBER_OBJECT_CONVERSION = YES_AGGRESSIVE;
				CLANG_CXX_LANGUAGE_STANDARD = "gnu++20";
				CLANG_ENABLE_MODULES = YES;
				CLANG_ENABLE_OBJC_ARC = YES;
				CLANG_ENABLE_OBJC_WEAK = YES;
				CLANG_WARN_BLOCK_CAPTURE_AUTORELEASING = YES;
				CLANG_WARN_BOOL_CONVERSION = YES;
				CLANG_WARN_COMMA = YES;
				CLANG_WARN_CONSTANT_CONVERSION = YES;
				CLANG_WARN_DEPRECATED_OBJC_IMPLEMENTATIONS = YES;
				CLANG_WARN_DIRECT_OBJC_ISA_USAGE = YES_ERROR;
				CLANG_WARN_DOCUMENTATION_COMMENTS = YES;
				CLANG_WARN_EMPTY_BODY = YES;
				CLANG_WARN_ENUM_CONVERSION = YES;
				CLANG_WARN_INFINITE_RECURSION = YES;
				CLANG_WARN_INT_CONVERSION = YES;
				CLANG_WARN_NON_LITERAL_NULL_CONVERSION = YES;
				CLANG_WARN_OBJC_IMPLICIT_RETAIN_SELF = YES;
				CLANG_WARN_OBJC_LITERAL_CONVERSION = YES;
				CLANG_WARN_OBJC_ROOT_CLASS = YES_ERROR;
				CLANG_WARN_QUOTED_INCLUDE_IN_FRAMEWORK_HEADER = YES;
				CLANG_WARN_RANGE_LOOP_ANALYSIS = YES;
				CLANG_WARN_STRICT_PROTOTYPES = YES;
				CLANG_WARN_SUSPICIOUS_MOVE = YES;
				CLANG_WARN_UNGUARDED_AVAILABILITY = YES_AGGRESSIVE;
				CLANG_WARN_UNREACHABLE_CODE = YES;
				CLANG_WARN__DUPLICATE_METHOD_MATCH = YES;
				COPY_PHASE_STRIP = NO;
				DEBUG_INFORMATION_FORMAT = "dwarf-with-dsym";
				DEVELOPMENT_TEAM = MWBS4R8DBQ;
				ENABLE_NS_ASSERTIONS = NO;
				ENABLE_STRICT_OBJC_MSGSEND = YES;
				ENABLE_USER_SCRIPT_SANDBOXING = YES;
				GCC_C_LANGUAGE_STANDARD = gnu17;
				GCC_NO_COMMON_BLOCKS = YES;
				GCC_WARN_64_TO_32_BIT_CONVERSION = YES;
				GCC_WARN_ABOUT_RETURN_TYPE = YES_ERROR;
				GCC_WARN_UNDECLARED_SELECTOR = YES;
				GCC_WARN_UNINITIALIZED_AUTOS = YES_AGGRESSIVE;
				GCC_WARN_UNUSED_FUNCTION = YES;
				GCC_WARN_UNUSED_VARIABLE = YES;
				IPHONEOS_DEPLOYMENT_TARGET = 18.5;
				LOCALIZATION_PREFERS_STRING_CATALOGS = YES;
				MTL_ENABLE_DEBUG_INFO = NO;
				MTL_FAST_MATH = YES;
				SDKROOT = iphoneos;
				SWIFT_COMPILATION_MODE = wholemodule;
				VALIDATE_PRODUCT = YES;
			};
			name = Release;
		};
		F91BF4CF2E9F3AEF001A80C1 /* Debug */ = {
			isa = XCBuildConfiguration;
			buildSettings = {
				CODE_SIGN_STYLE = Automatic;
				CURRENT_PROJECT_VERSION = 1;
				DEVELOPMENT_TEAM = MWBS4R8DBQ;
				GENERATE_INFOPLIST_FILE = YES;
				MARKETING_VERSION = 1.0;
				PRODUCT_BUNDLE_IDENTIFIER = com.junil.SeSAC7TestLectureUITests;
				PRODUCT_NAME = "$(TARGET_NAME)";
				SWIFT_EMIT_LOC_STRINGS = NO;
				SWIFT_VERSION = 5.0;
				TARGETED_DEVICE_FAMILY = "1,2";
				TEST_TARGET_NAME = SeSAC7TestLecture;
			};
			name = Debug;
		};
		F91BF4D02E9F3AEF001A80C1 /* Release */ = {
			isa = XCBuildConfiguration;
			buildSettings = {
				CODE_SIGN_STYLE = Automatic;
				CURRENT_PROJECT_VERSION = 1;
				DEVELOPMENT_TEAM = MWBS4R8DBQ;
				GENERATE_INFOPLIST_FILE = YES;
				MARKETING_VERSION = 1.0;
				PRODUCT_BUNDLE_IDENTIFIER = com.junil.SeSAC7TestLectureUITests;
				PRODUCT_NAME = "$(TARGET_NAME)";
				SWIFT_EMIT_LOC_STRINGS = NO;
				SWIFT_VERSION = 5.0;
				TARGETED_DEVICE_FAMILY = "1,2";
				TEST_TARGET_NAME = SeSAC7TestLecture;
			};
			name = Release;
		};
		F91BFE462EA07DDF001A80C1 /* Debug */ = {
			isa = XCBuildConfiguration;
			buildSettings = {
				BUNDLE_LOADER = "$(TEST_HOST)";
				CODE_SIGN_STYLE = Automatic;
				CURRENT_PROJECT_VERSION = 1;
				DEVELOPMENT_TEAM = MWBS4R8DBQ;
				GENERATE_INFOPLIST_FILE = YES;
				MARKETING_VERSION = 1.0;
				PRODUCT_BUNDLE_IDENTIFIER = com.junil.SeSAC7TestLectureUnitTests;
				PRODUCT_NAME = "$(TARGET_NAME)";
				SWIFT_EMIT_LOC_STRINGS = NO;
				SWIFT_VERSION = 5.0;
				TARGETED_DEVICE_FAMILY = "1,2";
				TEST_HOST = "$(BUILT_PRODUCTS_DIR)/SeSAC7TestLecture.app/$(BUNDLE_EXECUTABLE_FOLDER_PATH)/SeSAC7TestLecture";
			};
			name = Debug;
		};
		F91BFE472EA07DDF001A80C1 /* Release */ = {
			isa = XCBuildConfiguration;
			buildSettings = {
				BUNDLE_LOADER = "$(TEST_HOST)";
				CODE_SIGN_STYLE = Automatic;
				CURRENT_PROJECT_VERSION = 1;
				DEVELOPMENT_TEAM = MWBS4R8DBQ;
				GENERATE_INFOPLIST_FILE = YES;
				MARKETING_VERSION = 1.0;
				PRODUCT_BUNDLE_IDENTIFIER = com.junil.SeSAC7TestLectureUnitTests;
				PRODUCT_NAME = "$(TARGET_NAME)";
				SWIFT_EMIT_LOC_STRINGS = NO;
				SWIFT_VERSION = 5.0;
				TARGETED_DEVICE_FAMILY = "1,2";
				TEST_HOST = "$(BUILT_PRODUCTS_DIR)/SeSAC7TestLecture.app/$(BUNDLE_EXECUTABLE_FOLDER_PATH)/SeSAC7TestLecture";
			};
			name = Release;
		};
/* End XCBuildConfiguration section */

/* Begin XCConfigurationList section */
		F91BF4A12E9F3702001A80C1 /* Build configuration list for PBXProject "SeSAC7TestLecture" */ = {
			isa = XCConfigurationList;
			buildConfigurations = (
				F91BF4BC2E9F3704001A80C1 /* Debug */,
				F91BF4BD2E9F3704001A80C1 /* Release */,
			);
			defaultConfigurationIsVisible = 0;
			defaultConfigurationName = Release;
		};
		F91BF4B92E9F3704001A80C1 /* Build configuration list for PBXNativeTarget "SeSAC7TestLecture" */ = {
			isa = XCConfigurationList;
			buildConfigurations = (
				F91BF4BA2E9F3704001A80C1 /* Debug */,
				F91BF4BB2E9F3704001A80C1 /* Release */,
			);
			defaultConfigurationIsVisible = 0;
			defaultConfigurationName = Release;
		};
		F91BF4CE2E9F3AEF001A80C1 /* Build configuration list for PBXNativeTarget "SeSAC7TestLectureUITests" */ = {
			isa = XCConfigurationList;
			buildConfigurations = (
				F91BF4CF2E9F3AEF001A80C1 /* Debug */,
				F91BF4D02E9F3AEF001A80C1 /* Release */,
			);
			defaultConfigurationIsVisible = 0;
			defaultConfigurationName = Release;
		};
		F91BFE482EA07DDF001A80C1 /* Build configuration list for PBXNativeTarget "SeSAC7TestLectureUnitTests" */ = {
			isa = XCConfigurationList;
			buildConfigurations = (
				F91BFE462EA07DDF001A80C1 /* Debug */,
				F91BFE472EA07DDF001A80C1 /* Release */,
			);
			defaultConfigurationIsVisible = 0;
			defaultConfigurationName = Release;
		};
/* End XCConfigurationList section */

/* Begin XCRemoteSwiftPackageReference section */
		F9E940582EA090560006B397 /* XCRemoteSwiftPackageReference "Alamofire" */ = {
			isa = XCRemoteSwiftPackageReference;
			repositoryURL = "https://github.com/Alamofire/Alamofire.git";
			requirement = {
				kind = upToNextMajorVersion;
				minimumVersion = 5.10.2;
			};
		};
/* End XCRemoteSwiftPackageReference section */

/* Begin XCSwiftPackageProductDependency section */
		F9E940592EA090560006B397 /* Alamofire */ = {
			isa = XCSwiftPackageProductDependency;
			package = F9E940582EA090560006B397 /* XCRemoteSwiftPackageReference "Alamofire" */;
			productName = Alamofire;
		};
/* End XCSwiftPackageProductDependency section */
	};
	rootObject = F91BF49E2E9F3702001A80C1 /* Project object */;
}
